
Microsoft Visual Studio Solution File, Format Version 12.00
# Visual Studio Version 16
VisualStudioVersion = 16.0.32929.386
MinimumVisualStudioVersion = 10.0.40219.1
Project("{9A19103F-16F7-4668-BE54-9A1E7A4F7556}") = "Business", "Business\Business.csproj", "{01F1604E-2750-48E2-87CF-87A7B703723B}"
EndProject
Project("{9A19103F-16F7-4668-BE54-9A1E7A4F7556}") = "DataAccess", "DataAccess\DataAccess.csproj", "{0476D7F4-3786-4D40-B106-AA75713E5E9A}"
EndProject
Project("{9A19103F-16F7-4668-BE54-9A1E7A4F7556}") = "Entities", "Entity\Entities.csproj", "{FAEC7508-EB03-444A-B1F3-5BDD7C17E52D}"
EndProject
Project("{9A19103F-16F7-4668-BE54-9A1E7A4F7556}") = "ConsoleUI", "ConsoleUI\ConsoleUI.csproj", "{7A97CEF5-5265-4008-B135-5EDC25813133}"
EndProject
Project("{9A19103F-16F7-4668-BE54-9A1E7A4F7556}") = "Core", "Core\Core.csproj", "{6B8F154B-5C61-406F-A90E-044F1E68988F}"
EndProject
Project("{FAE04EC0-301F-11D3-BF4B-00C04F79EFBC}") = "WepAPI", "WepAPI\WepAPI.csproj", "{D82D3834-4391-4CBE-9954-DBA4EE1FCF88}"
EndProject
Global
	GlobalSection(SolutionConfigurationPlatforms) = preSolution
		Debug|Any CPU = Debug|Any CPU
		Release|Any CPU = Release|Any CPU
	EndGlobalSection
	GlobalSection(ProjectConfigurationPlatforms) = postSolution
		{01F1604E-2750-48E2-87CF-87A7B703723B}.Debug|Any CPU.ActiveCfg = Debug|Any CPU
		{01F1604E-2750-48E2-87CF-87A7B703723B}.Debug|Any CPU.Build.0 = Debug|Any CPU
		{01F1604E-2750-48E2-87CF-87A7B703723B}.Release|Any CPU.ActiveCfg = Release|Any CPU
		{01F1604E-2750-48E2-87CF-87A7B703723B}.Release|Any CPU.Build.0 = Release|Any CPU
		{0476D7F4-3786-4D40-B106-AA75713E5E9A}.Debug|Any CPU.ActiveCfg = Debug|Any CPU
		{0476D7F4-3786-4D40-B106-AA75713E5E9A}.Debug|Any CPU.Build.0 = Debug|Any CPU
		{0476D7F4-3786-4D40-B106-AA75713E5E9A}.Release|Any CPU.ActiveCfg = Release|Any CPU
		{0476D7F4-3786-4D40-B106-AA75713E5E9A}.Release|Any CPU.Build.0 = Release|Any CPU
		{FAEC7508-EB03-444A-B1F3-5BDD7C17E52D}.Debug|Any CPU.ActiveCfg = Debug|Any CPU
		{FAEC7508-EB03-444A-B1F3-5BDD7C17E52D}.Debug|Any CPU.Build.0 = Debug|Any CPU
		{FAEC7508-EB03-444A-B1F3-5BDD7C17E52D}.Release|Any CPU.ActiveCfg = Release|Any CPU
		{FAEC7508-EB03-444A-B1F3-5BDD7C17E52D}.Release|Any CPU.Build.0 = Release|Any CPU
		{7A97CEF5-5265-4008-B135-5EDC25813133}.Debug|Any CPU.ActiveCfg = Debug|Any CPU
		{7A97CEF5-5265-4008-B135-5EDC25813133}.Debug|Any CPU.Build.0 = Debug|Any CPU
		{7A97CEF5-5265-4008-B135-5EDC25813133}.Release|Any CPU.ActiveCfg = Release|Any CPU
		{7A97CEF5-5265-4008-B135-5EDC25813133}.Release|Any CPU.Build.0 = Release|Any CPU
		{6B8F154B-5C61-406F-A90E-044F1E68988F}.Debug|Any CPU.ActiveCfg = Debug|Any CPU
		{6B8F154B-5C61-406F-A90E-044F1E68988F}.Debug|Any CPU.Build.0 = Debug|Any CPU
		{6B8F154B-5C61-406F-A90E-044F1E68988F}.Release|Any CPU.ActiveCfg = Release|Any CPU
		{6B8F154B-5C61-406F-A90E-044F1E68988F}.Release|Any CPU.Build.0 = Release|Any CPU
		{D82D3834-4391-4CBE-9954-DBA4EE1FCF88}.Debug|Any CPU.ActiveCfg = Debug|Any CPU
		{D82D3834-4391-4CBE-9954-DBA4EE1FCF88}.Debug|Any CPU.Build.0 = Debug|Any CPU
		{D82D3834-4391-4CBE-9954-DBA4EE1FCF88}.Release|Any CPU.ActiveCfg = Release|Any CPU
		{D82D3834-4391-4CBE-9954-DBA4EE1FCF88}.Release|Any CPU.Build.0 = Release|Any CPU
	EndGlobalSection
	GlobalSection(SolutionProperties) = preSolution
		HideSolutionNode = FALSE
	EndGlobalSection
	GlobalSection(ExtensibilityGlobals) = postSolution
		SolutionGuid = {E99D5F52-0BCA-438E-8B07-94EEEEB49792}
	EndGlobalSection
EndGlobal
